// !$*UTF8*$!
{
	archiveVersion = 1;
	classes = {
	};
	objectVersion = 50;
	objects = {

/* Begin PBXBuildFile section */
		D22EC9D7268D545700263D88 /* main.cpp in Sources */ = {isa = PBXBuildFile; fileRef = D2A0FA8922FD39A4000F705A /* main.cpp */; };
		D2331D3325C8DFD000F337DF /* test.cpp in Sources */ = {isa = PBXBuildFile; fileRef = D2331D3125C8DFCF00F337DF /* test.cpp */; };
		D24AE85522FB9C99004E98AC /* hubbard_hamiltonian.cpp in Sources */ = {isa = PBXBuildFile; fileRef = D24AE84522FB9AB7004E98AC /* hubbard_hamiltonian.cpp */; };
		D257858822FB969900BC2352 /* hubbard_wlqmc.cpp in Sources */ = {isa = PBXBuildFile; fileRef = D257858722FB969900BC2352 /* hubbard_wlqmc.cpp */; };
		D260BE2C22FFDD1B00AE1FAB /* liblapack.tbd in Frameworks */ = {isa = PBXBuildFile; fileRef = D260BE2B22FFDD1B00AE1FAB /* liblapack.tbd */; };
		D260BE2E22FFDD2900AE1FAB /* libblas.tbd in Frameworks */ = {isa = PBXBuildFile; fileRef = D260BE2D22FFDD2900AE1FAB /* libblas.tbd */; };
		D263ECB522FFFEDD009DD35D /* libblas.tbd in Frameworks */ = {isa = PBXBuildFile; fileRef = D260BE2D22FFDD2900AE1FAB /* libblas.tbd */; };
		D263ECB622FFFEE6009DD35D /* liblapack.tbd in Frameworks */ = {isa = PBXBuildFile; fileRef = D260BE2B22FFDD1B00AE1FAB /* liblapack.tbd */; };
		D2A0FA7F22FC55A7000F705A /* main.cpp in Sources */ = {isa = PBXBuildFile; fileRef = D2A0FA7E22FC55A7000F705A /* main.cpp */; };
		D2A2BB9625E9D52200621870 /* test_2.cpp in Sources */ = {isa = PBXBuildFile; fileRef = D2A2BB8925E9D26700621870 /* test_2.cpp */; };
/* End PBXBuildFile section */

/* Begin PBXCopyFilesBuildPhase section */
		D2331D1825C8DC6200F337DF /* CopyFiles */ = {
			isa = PBXCopyFilesBuildPhase;
			buildActionMask = 2147483647;
			dstPath = /usr/share/man/man1/;
			dstSubfolderSpec = 0;
			files = (
			);
			runOnlyForDeploymentPostprocessing = 1;
		};
		D24AE84C22FB9C92004E98AC /* CopyFiles */ = {
			isa = PBXCopyFilesBuildPhase;
			buildActionMask = 2147483647;
			dstPath = /usr/share/man/man1/;
			dstSubfolderSpec = 0;
			files = (
			);
			runOnlyForDeploymentPostprocessing = 1;
		};
		D257858222FB969900BC2352 /* CopyFiles */ = {
			isa = PBXCopyFilesBuildPhase;
			buildActionMask = 2147483647;
			dstPath = /usr/share/man/man1/;
			dstSubfolderSpec = 0;
			files = (
			);
			runOnlyForDeploymentPostprocessing = 1;
		};
		D2A0FA7A22FC55A7000F705A /* CopyFiles */ = {
			isa = PBXCopyFilesBuildPhase;
			buildActionMask = 2147483647;
			dstPath = /usr/share/man/man1/;
			dstSubfolderSpec = 0;
			files = (
			);
			runOnlyForDeploymentPostprocessing = 1;
		};
		D2A0FA8522FD39A3000F705A /* CopyFiles */ = {
			isa = PBXCopyFilesBuildPhase;
			buildActionMask = 2147483647;
			dstPath = /usr/share/man/man1/;
			dstSubfolderSpec = 0;
			files = (
			);
			runOnlyForDeploymentPostprocessing = 1;
		};
/* End PBXCopyFilesBuildPhase section */

/* Begin PBXFileReference section */
		D2331D1A25C8DC6200F337DF /* hwlqmc_test */ = {isa = PBXFileReference; explicitFileType = "compiled.mach-o.executable"; includeInIndex = 0; path = hwlqmc_test; sourceTree = BUILT_PRODUCTS_DIR; };
		D2331D3125C8DFCF00F337DF /* test.cpp */ = {isa = PBXFileReference; lastKnownFileType = sourcecode.cpp.cpp; path = test.cpp; sourceTree = "<group>"; };
		D24AE84522FB9AB7004E98AC /* hubbard_hamiltonian.cpp */ = {isa = PBXFileReference; lastKnownFileType = sourcecode.cpp.cpp; name = hubbard_hamiltonian.cpp; path = hubbard_hamiltonian/hubbard_hamiltonian.cpp; sourceTree = SOURCE_ROOT; };
		D24AE84E22FB9C92004E98AC /* hubbard_hamiltonian */ = {isa = PBXFileReference; explicitFileType = "compiled.mach-o.executable"; includeInIndex = 0; path = hubbard_hamiltonian; sourceTree = BUILT_PRODUCTS_DIR; };
		D257858422FB969900BC2352 /* WLQMC */ = {isa = PBXFileReference; explicitFileType = "compiled.mach-o.executable"; includeInIndex = 0; path = WLQMC; sourceTree = BUILT_PRODUCTS_DIR; };
		D257858722FB969900BC2352 /* hubbard_wlqmc.cpp */ = {isa = PBXFileReference; lastKnownFileType = sourcecode.cpp.cpp; path = hubbard_wlqmc.cpp; sourceTree = "<group>"; };
		D260BE2B22FFDD1B00AE1FAB /* liblapack.tbd */ = {isa = PBXFileReference; lastKnownFileType = "sourcecode.text-based-dylib-definition"; name = liblapack.tbd; path = usr/lib/liblapack.tbd; sourceTree = SDKROOT; };
		D260BE2D22FFDD2900AE1FAB /* libblas.tbd */ = {isa = PBXFileReference; lastKnownFileType = "sourcecode.text-based-dylib-definition"; name = libblas.tbd; path = usr/lib/libblas.tbd; sourceTree = SDKROOT; };
		D2A0FA7C22FC55A7000F705A /* nCr */ = {isa = PBXFileReference; explicitFileType = "compiled.mach-o.executable"; includeInIndex = 0; path = nCr; sourceTree = BUILT_PRODUCTS_DIR; };
		D2A0FA7E22FC55A7000F705A /* main.cpp */ = {isa = PBXFileReference; lastKnownFileType = sourcecode.cpp.cpp; path = main.cpp; sourceTree = "<group>"; };
		D2A0FA8722FD39A3000F705A /* test */ = {isa = PBXFileReference; explicitFileType = "compiled.mach-o.executable"; includeInIndex = 0; path = test; sourceTree = BUILT_PRODUCTS_DIR; };
		D2A0FA8922FD39A4000F705A /* main.cpp */ = {isa = PBXFileReference; explicitFileType = sourcecode.cpp.cpp; path = main.cpp; sourceTree = "<group>"; };
		D2A2BB8925E9D26700621870 /* test_2.cpp */ = {isa = PBXFileReference; lastKnownFileType = sourcecode.cpp.cpp; path = test_2.cpp; sourceTree = "<group>"; };
/* End PBXFileReference section */

/* Begin PBXFrameworksBuildPhase section */
		D2331D1725C8DC6200F337DF /* Frameworks */ = {
			isa = PBXFrameworksBuildPhase;
			buildActionMask = 2147483647;
			files = (
			);
			runOnlyForDeploymentPostprocessing = 0;
		};
		D24AE84B22FB9C92004E98AC /* Frameworks */ = {
			isa = PBXFrameworksBuildPhase;
			buildActionMask = 2147483647;
			files = (
				D263ECB622FFFEE6009DD35D /* liblapack.tbd in Frameworks */,
				D263ECB522FFFEDD009DD35D /* libblas.tbd in Frameworks */,
			);
			runOnlyForDeploymentPostprocessing = 0;
		};
		D257858122FB969900BC2352 /* Frameworks */ = {
			isa = PBXFrameworksBuildPhase;
			buildActionMask = 2147483647;
			files = (
			);
			runOnlyForDeploymentPostprocessing = 0;
		};
		D2A0FA7922FC55A7000F705A /* Frameworks */ = {
			isa = PBXFrameworksBuildPhase;
			buildActionMask = 2147483647;
			files = (
			);
			runOnlyForDeploymentPostprocessing = 0;
		};
		D2A0FA8422FD39A3000F705A /* Frameworks */ = {
			isa = PBXFrameworksBuildPhase;
			buildActionMask = 2147483647;
			files = (
				D260BE2E22FFDD2900AE1FAB /* libblas.tbd in Frameworks */,
				D260BE2C22FFDD1B00AE1FAB /* liblapack.tbd in Frameworks */,
			);
			runOnlyForDeploymentPostprocessing = 0;
		};
/* End PBXFrameworksBuildPhase section */

/* Begin PBXGroup section */
		D2331D1B25C8DC6200F337DF /* hwlqmc_test */ = {
			isa = PBXGroup;
			children = (
				D2331D3125C8DFCF00F337DF /* test.cpp */,
			);
			path = hwlqmc_test;
			sourceTree = "<group>";
		};
		D24AE84F22FB9C92004E98AC /* hubbard_hamiltonian */ = {
			isa = PBXGroup;
			children = (
				D24AE84522FB9AB7004E98AC /* hubbard_hamiltonian.cpp */,
			);
			path = hubbard_hamiltonian;
			sourceTree = "<group>";
		};
		D257857B22FB969900BC2352 = {
			isa = PBXGroup;
			children = (
				D257858622FB969900BC2352 /* WLQMC */,
				D24AE84F22FB9C92004E98AC /* hubbard_hamiltonian */,
				D2A0FA7D22FC55A7000F705A /* nCr */,
				D2A0FA8822FD39A4000F705A /* test */,
				D2331D1B25C8DC6200F337DF /* hwlqmc_test */,
				D257858522FB969900BC2352 /* Products */,
				D260BE2A22FFDD1B00AE1FAB /* Frameworks */,
			);
			sourceTree = "<group>";
		};
		D257858522FB969900BC2352 /* Products */ = {
			isa = PBXGroup;
			children = (
				D257858422FB969900BC2352 /* WLQMC */,
				D24AE84E22FB9C92004E98AC /* hubbard_hamiltonian */,
				D2A0FA7C22FC55A7000F705A /* nCr */,
				D2A0FA8722FD39A3000F705A /* test */,
				D2331D1A25C8DC6200F337DF /* hwlqmc_test */,
			);
			name = Products;
			sourceTree = "<group>";
		};
		D257858622FB969900BC2352 /* WLQMC */ = {
			isa = PBXGroup;
			children = (
				D257858722FB969900BC2352 /* hubbard_wlqmc.cpp */,
			);
			path = WLQMC;
			sourceTree = "<group>";
		};
		D260BE2A22FFDD1B00AE1FAB /* Frameworks */ = {
			isa = PBXGroup;
			children = (
				D260BE2D22FFDD2900AE1FAB /* libblas.tbd */,
				D260BE2B22FFDD1B00AE1FAB /* liblapack.tbd */,
			);
			name = Frameworks;
			sourceTree = "<group>";
		};
		D2A0FA7D22FC55A7000F705A /* nCr */ = {
			isa = PBXGroup;
			children = (
				D2A0FA7E22FC55A7000F705A /* main.cpp */,
			);
			path = nCr;
			sourceTree = "<group>";
		};
		D2A0FA8822FD39A4000F705A /* test */ = {
			isa = PBXGroup;
			children = (
				D2A0FA8922FD39A4000F705A /* main.cpp */,
				D2A2BB8925E9D26700621870 /* test_2.cpp */,
			);
			path = test;
			sourceTree = "<group>";
		};
/* End PBXGroup section */

/* Begin PBXNativeTarget section */
		D2331D1925C8DC6200F337DF /* hwlqmc_test */ = {
			isa = PBXNativeTarget;
			buildConfigurationList = D2331D1E25C8DC6200F337DF /* Build configuration list for PBXNativeTarget "hwlqmc_test" */;
			buildPhases = (
				D2331D1625C8DC6200F337DF /* Sources */,
				D2331D1725C8DC6200F337DF /* Frameworks */,
				D2331D1825C8DC6200F337DF /* CopyFiles */,
			);
			buildRules = (
			);
			dependencies = (
			);
			name = hwlqmc_test;
			productName = hwlqmc_test;
			productReference = D2331D1A25C8DC6200F337DF /* hwlqmc_test */;
			productType = "com.apple.product-type.tool";
		};
		D24AE84D22FB9C92004E98AC /* hubbard_hamiltonian */ = {
			isa = PBXNativeTarget;
			buildConfigurationList = D24AE85222FB9C92004E98AC /* Build configuration list for PBXNativeTarget "hubbard_hamiltonian" */;
			buildPhases = (
				D24AE84A22FB9C92004E98AC /* Sources */,
				D24AE84B22FB9C92004E98AC /* Frameworks */,
				D24AE84C22FB9C92004E98AC /* CopyFiles */,
			);
			buildRules = (
			);
			dependencies = (
			);
			name = hubbard_hamiltonian;
			productName = hubbard_hamiltonian;
			productReference = D24AE84E22FB9C92004E98AC /* hubbard_hamiltonian */;
			productType = "com.apple.product-type.tool";
		};
		D257858322FB969900BC2352 /* WLQMC */ = {
			isa = PBXNativeTarget;
			buildConfigurationList = D257858B22FB969900BC2352 /* Build configuration list for PBXNativeTarget "WLQMC" */;
			buildPhases = (
				D257858022FB969900BC2352 /* Sources */,
				D257858122FB969900BC2352 /* Frameworks */,
				D257858222FB969900BC2352 /* CopyFiles */,
			);
			buildRules = (
			);
			dependencies = (
			);
			name = WLQMC;
			productName = WLQMC;
			productReference = D257858422FB969900BC2352 /* WLQMC */;
			productType = "com.apple.product-type.tool";
		};
		D2A0FA7B22FC55A7000F705A /* nCr */ = {
			isa = PBXNativeTarget;
			buildConfigurationList = D2A0FA8222FC55A7000F705A /* Build configuration list for PBXNativeTarget "nCr" */;
			buildPhases = (
				D2A0FA7822FC55A7000F705A /* Sources */,
				D2A0FA7922FC55A7000F705A /* Frameworks */,
				D2A0FA7A22FC55A7000F705A /* CopyFiles */,
			);
			buildRules = (
			);
			dependencies = (
			);
			name = nCr;
			productName = nCr;
			productReference = D2A0FA7C22FC55A7000F705A /* nCr */;
			productType = "com.apple.product-type.tool";
		};
		D2A0FA8622FD39A3000F705A /* test */ = {
			isa = PBXNativeTarget;
			buildConfigurationList = D2A0FA8B22FD39A4000F705A /* Build configuration list for PBXNativeTarget "test" */;
			buildPhases = (
				D2A0FA8322FD39A3000F705A /* Sources */,
				D2A0FA8422FD39A3000F705A /* Frameworks */,
				D2A0FA8522FD39A3000F705A /* CopyFiles */,
			);
			buildRules = (
			);
			dependencies = (
			);
			name = test;
			productName = test;
			productReference = D2A0FA8722FD39A3000F705A /* test */;
			productType = "com.apple.product-type.tool";
		};
/* End PBXNativeTarget section */

/* Begin PBXProject section */
		D257857C22FB969900BC2352 /* Project object */ = {
			isa = PBXProject;
			attributes = {
				LastUpgradeCheck = 1250;
				ORGANIZATIONNAME = "Hiren Thummar";
				TargetAttributes = {
					D2331D1925C8DC6200F337DF = {
						CreatedOnToolsVersion = 12.4;
					};
					D24AE84D22FB9C92004E98AC = {
						CreatedOnToolsVersion = 10.3;
					};
					D257858322FB969900BC2352 = {
						CreatedOnToolsVersion = 10.3;
					};
					D2A0FA7B22FC55A7000F705A = {
						CreatedOnToolsVersion = 10.3;
					};
					D2A0FA8622FD39A3000F705A = {
						CreatedOnToolsVersion = 10.3;
					};
				};
			};
			buildConfigurationList = D257857F22FB969900BC2352 /* Build configuration list for PBXProject "WLQMC" */;
			compatibilityVersion = "Xcode 9.3";
			developmentRegion = en;
			hasScannedForEncodings = 0;
			knownRegions = (
				en,
				Base,
			);
			mainGroup = D257857B22FB969900BC2352;
			productRefGroup = D257858522FB969900BC2352 /* Products */;
			projectDirPath = "";
			projectRoot = "";
			targets = (
				D257858322FB969900BC2352 /* WLQMC */,
				D24AE84D22FB9C92004E98AC /* hubbard_hamiltonian */,
				D2A0FA7B22FC55A7000F705A /* nCr */,
				D2A0FA8622FD39A3000F705A /* test */,
				D2331D1925C8DC6200F337DF /* hwlqmc_test */,
			);
		};
/* End PBXProject section */

/* Begin PBXSourcesBuildPhase section */
		D2331D1625C8DC6200F337DF /* Sources */ = {
			isa = PBXSourcesBuildPhase;
			buildActionMask = 2147483647;
			files = (
				D2331D3325C8DFD000F337DF /* test.cpp in Sources */,
			);
			runOnlyForDeploymentPostprocessing = 0;
		};
		D24AE84A22FB9C92004E98AC /* Sources */ = {
			isa = PBXSourcesBuildPhase;
			buildActionMask = 2147483647;
			files = (
				D24AE85522FB9C99004E98AC /* hubbard_hamiltonian.cpp in Sources */,
			);
			runOnlyForDeploymentPostprocessing = 0;
		};
		D257858022FB969900BC2352 /* Sources */ = {
			isa = PBXSourcesBuildPhase;
			buildActionMask = 2147483647;
			files = (
				D257858822FB969900BC2352 /* hubbard_wlqmc.cpp in Sources */,
			);
			runOnlyForDeploymentPostprocessing = 0;
		};
		D2A0FA7822FC55A7000F705A /* Sources */ = {
			isa = PBXSourcesBuildPhase;
			buildActionMask = 2147483647;
			files = (
				D2A0FA7F22FC55A7000F705A /* main.cpp in Sources */,
			);
			runOnlyForDeploymentPostprocessing = 0;
		};
		D2A0FA8322FD39A3000F705A /* Sources */ = {
			isa = PBXSourcesBuildPhase;
			buildActionMask = 2147483647;
			files = (
				D22EC9D7268D545700263D88 /* main.cpp in Sources */,
				D2A2BB9625E9D52200621870 /* test_2.cpp in Sources */,
			);
			runOnlyForDeploymentPostprocessing = 0;
		};
/* End PBXSourcesBuildPhase section */

/* Begin XCBuildConfiguration section */
		D2331D1F25C8DC6200F337DF /* Debug */ = {
			isa = XCBuildConfiguration;
			buildSettings = {
				CODE_SIGN_IDENTITY = "-";
				CODE_SIGN_STYLE = Automatic;
				MACOSX_DEPLOYMENT_TARGET = 11.1;
				PRODUCT_NAME = "$(TARGET_NAME)";
			};
			name = Debug;
		};
		D2331D2025C8DC6200F337DF /* Release */ = {
			isa = XCBuildConfiguration;
			buildSettings = {
				CODE_SIGN_IDENTITY = "-";
				CODE_SIGN_STYLE = Automatic;
				MACOSX_DEPLOYMENT_TARGET = 11.1;
				PRODUCT_NAME = "$(TARGET_NAME)";
			};
			name = Release;
		};
		D24AE85322FB9C92004E98AC /* Debug */ = {
			isa = XCBuildConfiguration;
			buildSettings = {
				CLANG_CXX_LANGUAGE_STANDARD = "gnu++14";
				CLANG_WARN_CXX0X_EXTENSIONS = YES;
				CODE_SIGN_IDENTITY = "-";
				CODE_SIGN_STYLE = Automatic;
				HEADER_SEARCH_PATHS = /usr/local/include/eigen3;
				PRODUCT_NAME = "$(TARGET_NAME)";
			};
			name = Debug;
		};
		D24AE85422FB9C92004E98AC /* Release */ = {
			isa = XCBuildConfiguration;
			buildSettings = {
				CLANG_CXX_LANGUAGE_STANDARD = "gnu++14";
				CLANG_WARN_CXX0X_EXTENSIONS = YES;
				CODE_SIGN_IDENTITY = "-";
				CODE_SIGN_STYLE = Automatic;
				HEADER_SEARCH_PATHS = /usr/local/include/eigen3;
				PRODUCT_NAME = "$(TARGET_NAME)";
			};
			name = Release;
		};
		D257858922FB969900BC2352 /* Debug */ = {
			isa = XCBuildConfiguration;
			buildSettings = {
				ALWAYS_SEARCH_USER_PATHS = NO;
				CLANG_ANALYZER_NONNULL = YES;
				CLANG_ANALYZER_NUMBER_OBJECT_CONVERSION = YES_AGGRESSIVE;
				CLANG_CXX_LANGUAGE_STANDARD = "gnu++14";
				CLANG_CXX_LIBRARY = "libc++";
				CLANG_ENABLE_MODULES = YES;
				CLANG_ENABLE_OBJC_ARC = YES;
				CLANG_ENABLE_OBJC_WEAK = YES;
				CLANG_USE_OPTIMIZATION_PROFILE = NO;
				CLANG_WARN_BLOCK_CAPTURE_AUTORELEASING = YES;
				CLANG_WARN_BOOL_CONVERSION = YES;
				CLANG_WARN_COMMA = YES;
				CLANG_WARN_CONSTANT_CONVERSION = YES;
				CLANG_WARN_DEPRECATED_OBJC_IMPLEMENTATIONS = YES;
				CLANG_WARN_DIRECT_OBJC_ISA_USAGE = YES_ERROR;
				CLANG_WARN_DOCUMENTATION_COMMENTS = YES;
				CLANG_WARN_EMPTY_BODY = YES;
				CLANG_WARN_ENUM_CONVERSION = YES;
				CLANG_WARN_INFINITE_RECURSION = YES;
				CLANG_WARN_INT_CONVERSION = YES;
				CLANG_WARN_NON_LITERAL_NULL_CONVERSION = YES;
				CLANG_WARN_OBJC_IMPLICIT_RETAIN_SELF = YES;
				CLANG_WARN_OBJC_LITERAL_CONVERSION = YES;
				CLANG_WARN_OBJC_ROOT_CLASS = YES_ERROR;
				CLANG_WARN_QUOTED_INCLUDE_IN_FRAMEWORK_HEADER = YES;
				CLANG_WARN_RANGE_LOOP_ANALYSIS = YES;
				CLANG_WARN_STRICT_PROTOTYPES = YES;
				CLANG_WARN_SUSPICIOUS_MOVE = YES;
				CLANG_WARN_UNGUARDED_AVAILABILITY = YES_AGGRESSIVE;
				CLANG_WARN_UNREACHABLE_CODE = YES;
				CLANG_WARN__DUPLICATE_METHOD_MATCH = YES;
				CODE_SIGN_IDENTITY = "-";
				COPY_PHASE_STRIP = NO;
				DEBUG_INFORMATION_FORMAT = dwarf;
				ENABLE_STRICT_OBJC_MSGSEND = YES;
				ENABLE_TESTABILITY = YES;
				GCC_C_LANGUAGE_STANDARD = gnu11;
				GCC_DYNAMIC_NO_PIC = NO;
				GCC_NO_COMMON_BLOCKS = YES;
				GCC_OPTIMIZATION_LEVEL = 0;
				GCC_PREPROCESSOR_DEFINITIONS = (
					"DEBUG=1",
					"$(inherited)",
				);
				GCC_WARN_64_TO_32_BIT_CONVERSION = YES;
				GCC_WARN_ABOUT_RETURN_TYPE = YES_ERROR;
				GCC_WARN_UNDECLARED_SELECTOR = YES;
				GCC_WARN_UNINITIALIZED_AUTOS = YES_AGGRESSIVE;
				GCC_WARN_UNUSED_FUNCTION = YES;
				GCC_WARN_UNUSED_VARIABLE = YES;
				HEADER_SEARCH_PATHS = "";
				MACOSX_DEPLOYMENT_TARGET = 10.14;
				MTL_ENABLE_DEBUG_INFO = INCLUDE_SOURCE;
				MTL_FAST_MATH = YES;
				ONLY_ACTIVE_ARCH = YES;
				SDKROOT = macosx;
				USER_HEADER_SEARCH_PATHS = /usr/local/include;
			};
			name = Debug;
		};
		D257858A22FB969900BC2352 /* Release */ = {
			isa = XCBuildConfiguration;
			buildSettings = {
				ALWAYS_SEARCH_USER_PATHS = NO;
				CLANG_ANALYZER_NONNULL = YES;
				CLANG_ANALYZER_NUMBER_OBJECT_CONVERSION = YES_AGGRESSIVE;
				CLANG_CXX_LANGUAGE_STANDARD = "gnu++14";
				CLANG_CXX_LIBRARY = "libc++";
				CLANG_ENABLE_MODULES = YES;
				CLANG_ENABLE_OBJC_ARC = YES;
				CLANG_ENABLE_OBJC_WEAK = YES;
				CLANG_USE_OPTIMIZATION_PROFILE = NO;
				CLANG_WARN_BLOCK_CAPTURE_AUTORELEASING = YES;
				CLANG_WARN_BOOL_CONVERSION = YES;
				CLANG_WARN_COMMA = YES;
				CLANG_WARN_CONSTANT_CONVERSION = YES;
				CLANG_WARN_DEPRECATED_OBJC_IMPLEMENTATIONS = YES;
				CLANG_WARN_DIRECT_OBJC_ISA_USAGE = YES_ERROR;
				CLANG_WARN_DOCUMENTATION_COMMENTS = YES;
				CLANG_WARN_EMPTY_BODY = YES;
				CLANG_WARN_ENUM_CONVERSION = YES;
				CLANG_WARN_INFINITE_RECURSION = YES;
				CLANG_WARN_INT_CONVERSION = YES;
				CLANG_WARN_NON_LITERAL_NULL_CONVERSION = YES;
				CLANG_WARN_OBJC_IMPLICIT_RETAIN_SELF = YES;
				CLANG_WARN_OBJC_LITERAL_CONVERSION = YES;
				CLANG_WARN_OBJC_ROOT_CLASS = YES_ERROR;
				CLANG_WARN_QUOTED_INCLUDE_IN_FRAMEWORK_HEADER = YES;
				CLANG_WARN_RANGE_LOOP_ANALYSIS = YES;
				CLANG_WARN_STRICT_PROTOTYPES = YES;
				CLANG_WARN_SUSPICIOUS_MOVE = YES;
				CLANG_WARN_UNGUARDED_AVAILABILITY = YES_AGGRESSIVE;
				CLANG_WARN_UNREACHABLE_CODE = YES;
				CLANG_WARN__DUPLICATE_METHOD_MATCH = YES;
				CODE_SIGN_IDENTITY = "-";
				COPY_PHASE_STRIP = NO;
				DEBUG_INFORMATION_FORMAT = "dwarf-with-dsym";
				ENABLE_NS_ASSERTIONS = NO;
				ENABLE_STRICT_OBJC_MSGSEND = YES;
				GCC_C_LANGUAGE_STANDARD = gnu11;
				GCC_NO_COMMON_BLOCKS = YES;
				GCC_OPTIMIZATION_LEVEL = 0;
				GCC_WARN_64_TO_32_BIT_CONVERSION = YES;
				GCC_WARN_ABOUT_RETURN_TYPE = YES_ERROR;
				GCC_WARN_UNDECLARED_SELECTOR = YES;
				GCC_WARN_UNINITIALIZED_AUTOS = YES_AGGRESSIVE;
				GCC_WARN_UNUSED_FUNCTION = YES;
				GCC_WARN_UNUSED_VARIABLE = YES;
				HEADER_SEARCH_PATHS = "";
				MACOSX_DEPLOYMENT_TARGET = 10.14;
				MTL_ENABLE_DEBUG_INFO = NO;
				MTL_FAST_MATH = YES;
				SDKROOT = macosx;
				USER_HEADER_SEARCH_PATHS = /usr/local/include;
			};
			name = Release;
		};
		D257858C22FB969900BC2352 /* Debug */ = {
			isa = XCBuildConfiguration;
			buildSettings = {
				CODE_SIGN_IDENTITY = "-";
				CODE_SIGN_STYLE = Automatic;
				HEADER_SEARCH_PATHS = "";
				PRODUCT_NAME = "$(TARGET_NAME)";
				USER_HEADER_SEARCH_PATHS = /usr/local/include;
			};
			name = Debug;
		};
		D257858D22FB969900BC2352 /* Release */ = {
			isa = XCBuildConfiguration;
			buildSettings = {
				CODE_SIGN_IDENTITY = "-";
				CODE_SIGN_STYLE = Automatic;
				HEADER_SEARCH_PATHS = "";
				PRODUCT_NAME = "$(TARGET_NAME)";
				USER_HEADER_SEARCH_PATHS = /usr/local/include;
			};
			name = Release;
		};
		D2A0FA8022FC55A7000F705A /* Debug */ = {
			isa = XCBuildConfiguration;
			buildSettings = {
				CODE_SIGN_IDENTITY = "-";
				CODE_SIGN_STYLE = Automatic;
				PRODUCT_NAME = "$(TARGET_NAME)";
			};
			name = Debug;
		};
		D2A0FA8122FC55A7000F705A /* Release */ = {
			isa = XCBuildConfiguration;
			buildSettings = {
				CODE_SIGN_IDENTITY = "-";
				CODE_SIGN_STYLE = Automatic;
				PRODUCT_NAME = "$(TARGET_NAME)";
			};
			name = Release;
		};
		D2A0FA8C22FD39A4000F705A /* Debug */ = {
			isa = XCBuildConfiguration;
			buildSettings = {
				CLANG_CXX_LANGUAGE_STANDARD = "gnu++17";
				CLANG_CXX_LIBRARY = "libc++";
				CLANG_WARN_CXX0X_EXTENSIONS = YES;
				CODE_SIGN_IDENTITY = "-";
				CODE_SIGN_STYLE = Automatic;
				HEADER_SEARCH_PATHS = /usr/local/include/eigen3;
				PRODUCT_NAME = "$(TARGET_NAME)";
				USER_HEADER_SEARCH_PATHS = /usr/local/include;
			};
			name = Debug;
		};
		D2A0FA8D22FD39A4000F705A /* Release */ = {
			isa = XCBuildConfiguration;
			buildSettings = {
				CLANG_CXX_LANGUAGE_STANDARD = "gnu++17";
				CLANG_CXX_LIBRARY = "libc++";
				CLANG_WARN_CXX0X_EXTENSIONS = YES;
				CODE_SIGN_IDENTITY = "-";
				CODE_SIGN_STYLE = Automatic;
				HEADER_SEARCH_PATHS = /usr/local/include/eigen3;
				PRODUCT_NAME = "$(TARGET_NAME)";
				USER_HEADER_SEARCH_PATHS = /usr/local/include;
			};
			name = Release;
		};
/* End XCBuildConfiguration section */

/* Begin XCConfigurationList section */
		D2331D1E25C8DC6200F337DF /* Build configuration list for PBXNativeTarget "hwlqmc_test" */ = {
			isa = XCConfigurationList;
			buildConfigurations = (
				D2331D1F25C8DC6200F337DF /* Debug */,
				D2331D2025C8DC6200F337DF /* Release */,
			);
			defaultConfigurationIsVisible = 0;
			defaultConfigurationName = Release;
		};
		D24AE85222FB9C92004E98AC /* Build configuration list for PBXNativeTarget "hubbard_hamiltonian" */ = {
			isa = XCConfigurationList;
			buildConfigurations = (
				D24AE85322FB9C92004E98AC /* Debug */,
				D24AE85422FB9C92004E98AC /* Release */,
			);
			defaultConfigurationIsVisible = 0;
			defaultConfigurationName = Release;
		};
		D257857F22FB969900BC2352 /* Build configuration list for PBXProject "WLQMC" */ = {
			isa = XCConfigurationList;
			buildConfigurations = (
				D257858922FB969900BC2352 /* Debug */,
				D257858A22FB969900BC2352 /* Release */,
			);
			defaultConfigurationIsVisible = 0;
			defaultConfigurationName = Release;
		};
		D257858B22FB969900BC2352 /* Build configuration list for PBXNativeTarget "WLQMC" */ = {
			isa = XCConfigurationList;
			buildConfigurations = (
				D257858C22FB969900BC2352 /* Debug */,
				D257858D22FB969900BC2352 /* Release */,
			);
			defaultConfigurationIsVisible = 0;
			defaultConfigurationName = Release;
		};
		D2A0FA8222FC55A7000F705A /* Build configuration list for PBXNativeTarget "nCr" */ = {
			isa = XCConfigurationList;
			buildConfigurations = (
				D2A0FA8022FC55A7000F705A /* Debug */,
				D2A0FA8122FC55A7000F705A /* Release */,
			);
			defaultConfigurationIsVisible = 0;
			defaultConfigurationName = Release;
		};
		D2A0FA8B22FD39A4000F705A /* Build configuration list for PBXNativeTarget "test" */ = {
			isa = XCConfigurationList;
			buildConfigurations = (
				D2A0FA8C22FD39A4000F705A /* Debug */,
				D2A0FA8D22FD39A4000F705A /* Release */,
			);
			defaultConfigurationIsVisible = 0;
			defaultConfigurationName = Release;
		};
/* End XCConfigurationList section */
	};
	rootObject = D257857C22FB969900BC2352 /* Project object */;
}
